# Code generated by scarb DO NOT EDIT.
version = 1

[[package]]
name = "dojo"
version = "1.6.0-alpha.0"
source = "git+https://github.com/dojoengine/dojo?tag=v1.6.0-alpha.1#054623bbf939a3bf90786355bd9b081a2b1b3c3a"
dependencies = [
 "dojo_plugin",
]

[[package]]
name = "dojo_cairo_test"
version = "1.6.0-alpha.0"
source = "git+https://github.com/dojoengine/dojo?tag=v1.6.0-alpha.1#054623bbf939a3bf90786355bd9b081a2b1b3c3a"
dependencies = [
 "dojo",
]

[[package]]
name = "dojo_plugin"
version = "2.10.1"
source = "git+https://github.com/dojoengine/dojo?tag=v1.6.0-alpha.1#054623bbf939a3bf90786355bd9b081a2b1b3c3a"

[[package]]
name = "elysium_descent"
version = "0.0.1"
dependencies = [
 "dojo",
 "dojo_cairo_test",
]
